
Microsoft Visual Studio Solution File, Format Version 12.00
# Visual Studio Version 17
VisualStudioVersion = 17.6.33723.286
MinimumVisualStudioVersion = 10.0.40219.1
Project("{8BC9CEB8-8B4A-11D0-8D11-00A0C91BC942}") = "OpenKebiAtBypass", "OpenKebiAtBypass\OpenKebiAtBypass.vcxproj", "{72934F66-1D89-4DF5-BFF4-3D4720F44C1C}"
EndProject
Global
	GlobalSection(SolutionConfigurationPlatforms) = preSolution
		Debug|x64 = Debug|x64
		Debug|x86 = Debug|x86
		Release|x64 = Release|x64
		Release|x86 = Release|x86
	EndGlobalSection
	GlobalSection(ProjectConfigurationPlatforms) = postSolution
		{72934F66-1D89-4DF5-BFF4-3D4720F44C1C}.Debug|x64.ActiveCfg = Debug|x64
		{72934F66-1D89-4DF5-BFF4-3D4720F44C1C}.Debug|x64.Build.0 = Debug|x64
		{72934F66-1D89-4DF5-BFF4-3D4720F44C1C}.Debug|x86.ActiveCfg = Debug|Win32
		{72934F66-1D89-4DF5-BFF4-3D4720F44C1C}.Debug|x86.Build.0 = Debug|Win32
		{72934F66-1D89-4DF5-BFF4-3D4720F44C1C}.Release|x64.ActiveCfg = Release|x64
		{72934F66-1D89-4DF5-BFF4-3D4720F44C1C}.Release|x64.Build.0 = Release|x64
		{72934F66-1D89-4DF5-BFF4-3D4720F44C1C}.Release|x86.ActiveCfg = Release|Win32
		{72934F66-1D89-4DF5-BFF4-3D4720F44C1C}.Release|x86.Build.0 = Release|Win32
	EndGlobalSection
	GlobalSection(SolutionProperties) = preSolution
		HideSolutionNode = FALSE
	EndGlobalSection
	GlobalSection(ExtensibilityGlobals) = postSolution
		SolutionGuid = {FE17EA27-204B-45A8-9F7F-CFE2B8A5C322}
	EndGlobalSection
EndGlobal
